
Microsoft Visual Studio Solution File, Format Version 12.00
# Visual Studio Version 16
VisualStudioVersion = 16.0.30225.117
MinimumVisualStudioVersion = 10.0.40219.1
Project("{9A19103F-16F7-4668-BE54-9A1E7A4F7556}") = "IgtTask", "IgtTask\IgtTask.csproj", "{F7479AEB-6F7D-4B6F-B87F-731AC39DDA75}"
EndProject
Project("{FAE04EC0-301F-11D3-BF4B-00C04F79EFBC}") = "UnitTestIgt", "UnitTestIgt\UnitTestIgt.csproj", "{3833552D-FF6A-4168-A6FA-A6BDE31504B8}"
EndProject
Global
	GlobalSection(SolutionConfigurationPlatforms) = preSolution
		Debug|Any CPU = Debug|Any CPU
		Release|Any CPU = Release|Any CPU
	EndGlobalSection
	GlobalSection(ProjectConfigurationPlatforms) = postSolution
		{F7479AEB-6F7D-4B6F-B87F-731AC39DDA75}.Debug|Any CPU.ActiveCfg = Debug|Any CPU
		{F7479AEB-6F7D-4B6F-B87F-731AC39DDA75}.Debug|Any CPU.Build.0 = Debug|Any CPU
		{F7479AEB-6F7D-4B6F-B87F-731AC39DDA75}.Release|Any CPU.ActiveCfg = Release|Any CPU
		{F7479AEB-6F7D-4B6F-B87F-731AC39DDA75}.Release|Any CPU.Build.0 = Release|Any CPU
		{3833552D-FF6A-4168-A6FA-A6BDE31504B8}.Debug|Any CPU.ActiveCfg = Debug|Any CPU
		{3833552D-FF6A-4168-A6FA-A6BDE31504B8}.Debug|Any CPU.Build.0 = Debug|Any CPU
		{3833552D-FF6A-4168-A6FA-A6BDE31504B8}.Release|Any CPU.ActiveCfg = Release|Any CPU
		{3833552D-FF6A-4168-A6FA-A6BDE31504B8}.Release|Any CPU.Build.0 = Release|Any CPU
	EndGlobalSection
	GlobalSection(SolutionProperties) = preSolution
		HideSolutionNode = FALSE
	EndGlobalSection
	GlobalSection(ExtensibilityGlobals) = postSolution
		SolutionGuid = {452DD244-9ACA-4691-B794-30B50B502DB2}
	EndGlobalSection
EndGlobal
